# This file is @generated by PDM.
# It is not intended for manual editing.

[metadata]
groups = ["default"]
strategy = ["inherit_metadata"]
lock_version = "4.5.0"
content_hash = "sha256:0138e980293f98a8eda1d1f22837564033d8a6fad0037d9aca2eddaca13763b6"

[[metadata.targets]]
requires_python = ">=3.12"

[[package]]
name = "fake-useragent"
version = "2.1.0"
requires_python = ">=3.9"
summary = "Up-to-date simple useragent faker with real world database"
groups = ["default"]
dependencies = [
    "importlib-resources>=6.0; python_version < \"3.10\"",
]
files = [
    {file = "fake_useragent-2.1.0-py3-none-any.whl", hash = "sha256:1363d8be4934627f80a84c21cce72d33c5da650a9f1fd7398520b1edb6ecd873"},
    {file = "fake_useragent-2.1.0.tar.gz", hash = "sha256:cbb2cde0512ecefec1e6175e59d8bcc5cd94af25161432860769a4f3767ad62c"},
]
